
Microsoft Visual Studio Solution File, Format Version 12.00
# Visual Studio Version 17
VisualStudioVersion = 17.14.36518.9 d17.14
MinimumVisualStudioVersion = 10.0.40219.1
Project("{FAE04EC0-301F-11D3-BF4B-00C04F79EFBC}") = "Lab03_Bai03", "Lab03_Bai03\Lab03_Bai03.csproj", "{3394F7EA-2B0D-4298-B85D-2D9CFB7809A6}"
EndProject
Project("{FAE04EC0-301F-11D3-BF4B-00C04F79EFBC}") = "TCPServer", "TCPServer\TCPServer.csproj", "{EF67ACFF-341E-4A99-9A9D-92EAC63861F0}"
EndProject
Project("{FAE04EC0-301F-11D3-BF4B-00C04F79EFBC}") = "TCPClient", "TCPClient\TCPClient.csproj", "{85C912C3-26B8-4F5C-92BB-334652C668A2}"
EndProject
Global
	GlobalSection(SolutionConfigurationPlatforms) = preSolution
		Debug|Any CPU = Debug|Any CPU
		Release|Any CPU = Release|Any CPU
	EndGlobalSection
	GlobalSection(ProjectConfigurationPlatforms) = postSolution
		{3394F7EA-2B0D-4298-B85D-2D9CFB7809A6}.Debug|Any CPU.ActiveCfg = Debug|Any CPU
		{3394F7EA-2B0D-4298-B85D-2D9CFB7809A6}.Debug|Any CPU.Build.0 = Debug|Any CPU
		{3394F7EA-2B0D-4298-B85D-2D9CFB7809A6}.Release|Any CPU.ActiveCfg = Release|Any CPU
		{3394F7EA-2B0D-4298-B85D-2D9CFB7809A6}.Release|Any CPU.Build.0 = Release|Any CPU
		{EF67ACFF-341E-4A99-9A9D-92EAC63861F0}.Debug|Any CPU.ActiveCfg = Debug|Any CPU
		{EF67ACFF-341E-4A99-9A9D-92EAC63861F0}.Debug|Any CPU.Build.0 = Debug|Any CPU
		{EF67ACFF-341E-4A99-9A9D-92EAC63861F0}.Release|Any CPU.ActiveCfg = Release|Any CPU
		{EF67ACFF-341E-4A99-9A9D-92EAC63861F0}.Release|Any CPU.Build.0 = Release|Any CPU
		{85C912C3-26B8-4F5C-92BB-334652C668A2}.Debug|Any CPU.ActiveCfg = Debug|Any CPU
		{85C912C3-26B8-4F5C-92BB-334652C668A2}.Debug|Any CPU.Build.0 = Debug|Any CPU
		{85C912C3-26B8-4F5C-92BB-334652C668A2}.Release|Any CPU.ActiveCfg = Release|Any CPU
		{85C912C3-26B8-4F5C-92BB-334652C668A2}.Release|Any CPU.Build.0 = Release|Any CPU
	EndGlobalSection
	GlobalSection(SolutionProperties) = preSolution
		HideSolutionNode = FALSE
	EndGlobalSection
	GlobalSection(ExtensibilityGlobals) = postSolution
		SolutionGuid = {E71742BE-2BC5-4630-B1DC-CB5B4B594E6D}
	EndGlobalSection
EndGlobal
