Microsoft Visual Studio Solution File, Format Version 12.00
# Visual Studio Version 17
VisualStudioVersion = 17.14.36717.8
MinimumVisualStudioVersion = 10.0.40219.1
Project("{FAE04EC0-301F-11D3-BF4B-00C04F79EFBC}") = "Lab04_Bai01", "Lab04_Bai01\Lab04_Bai01.csproj", "{4F700143-B970-4EAF-AFF4-FE48A747F3AC}"
EndProject
Project("{FAE04EC0-301F-11D3-BF4B-00C04F79EFBC}") = "Lab04_Bai02", "Lab04_Bai02\Lab04_Bai02.csproj", "{A815C641-58A0-45A4-BEDD-6B1F9893A5BD}"
EndProject
Project("{FAE04EC0-301F-11D3-BF4B-00C04F79EFBC}") = "Lab04_Bai03", "Lab04_Bai03\Lab04_Bai03.csproj", "{B54BBB34-797C-406F-8343-D574DBB6F30E}"
EndProject
Project("{FAE04EC0-301F-11D3-BF4B-00C04F79EFBC}") = "Lab04_Bai04", "Lab04_Bai04\Lab04_Bai04.csproj", "{8477AEC4-0D18-44AD-86F0-53B9E5852C9D}"
EndProject
Project("{FAE04EC0-301F-11D3-BF4B-00C04F79EFBC}") = "Lab04_Bai05", "Lab04_Bai05\Lab04_Bai05.csproj", "{1A5A6ACD-798F-45A6-A36C-CCE893F69454}"
EndProject
Project("{FAE04EC0-301F-11D3-BF4B-00C04F79EFBC}") = "Lab04_Bai06", "Lab04_Bai06\Lab04_Bai06.csproj", "{4BD2139A-698B-4075-BE70-86F4D3149669}"
EndProject
Project("{FAE04EC0-301F-11D3-BF4B-00C04F79EFBC}") = "Lab04_Bai07", "Lab04_Bai07\Lab04_Bai07.csproj", "{F23E61B3-66CA-4365-8E7A-7F4623C43A68}"
EndProject
Global
	GlobalSection(SolutionConfigurationPlatforms) = preSolution
		Debug|Any CPU = Debug|Any CPU
		Release|Any CPU = Release|Any CPU
	EndGlobalSection
	GlobalSection(ProjectConfigurationPlatforms) = postSolution
		{4F700143-B970-4EAF-AFF4-FE48A747F3AC}.Debug|Any CPU.ActiveCfg = Debug|Any CPU
		{4F700143-B970-4EAF-AFF4-FE48A747F3AC}.Debug|Any CPU.Build.0 = Debug|Any CPU
		{4F700143-B970-4EAF-AFF4-FE48A747F3AC}.Release|Any CPU.ActiveCfg = Release|Any CPU
		{4F700143-B970-4EAF-AFF4-FE48A747F3AC}.Release|Any CPU.Build.0 = Release|Any CPU
		{A815C641-58A0-45A4-BEDD-6B1F9893A5BD}.Debug|Any CPU.ActiveCfg = Debug|Any CPU
		{A815C641-58A0-45A4-BEDD-6B1F9893A5BD}.Debug|Any CPU.Build.0 = Debug|Any CPU
		{A815C641-58A0-45A4-BEDD-6B1F9893A5BD}.Release|Any CPU.ActiveCfg = Release|Any CPU
		{A815C641-58A0-45A4-BEDD-6B1F9893A5BD}.Release|Any CPU.Build.0 = Release|Any CPU
		{B54BBB34-797C-406F-8343-D574DBB6F30E}.Debug|Any CPU.ActiveCfg = Debug|Any CPU
		{B54BBB34-797C-406F-8343-D574DBB6F30E}.Debug|Any CPU.Build.0 = Debug|Any CPU
		{B54BBB34-797C-406F-8343-D574DBB6F30E}.Release|Any CPU.ActiveCfg = Release|Any CPU
		{B54BBB34-797C-406F-8343-D574DBB6F30E}.Release|Any CPU.Build.0 = Release|Any CPU
		{8477AEC4-0D18-44AD-86F0-53B9E5852C9D}.Debug|Any CPU.ActiveCfg = Debug|Any CPU
		{8477AEC4-0D18-44AD-86F0-53B9E5852C9D}.Debug|Any CPU.Build.0 = Debug|Any CPU
		{8477AEC4-0D18-44AD-86F0-53B9E5852C9D}.Release|Any CPU.ActiveCfg = Release|Any CPU
		{8477AEC4-0D18-44AD-86F0-53B9E5852C9D}.Release|Any CPU.Build.0 = Release|Any CPU
		{1A5A6ACD-798F-45A6-A36C-CCE893F69454}.Debug|Any CPU.ActiveCfg = Debug|Any CPU
		{1A5A6ACD-798F-45A6-A36C-CCE893F69454}.Debug|Any CPU.Build.0 = Debug|Any CPU
		{1A5A6ACD-798F-45A6-A36C-CCE893F69454}.Release|Any CPU.ActiveCfg = Release|Any CPU
		{1A5A6ACD-798F-45A6-A36C-CCE893F69454}.Release|Any CPU.Build.0 = Release|Any CPU
		{4BD2139A-698B-4075-BE70-86F4D3149669}.Debug|Any CPU.ActiveCfg = Debug|Any CPU
		{4BD2139A-698B-4075-BE70-86F4D3149669}.Debug|Any CPU.Build.0 = Debug|Any CPU
		{4BD2139A-698B-4075-BE70-86F4D3149669}.Release|Any CPU.ActiveCfg = Release|Any CPU
		{4BD2139A-698B-4075-BE70-86F4D3149669}.Release|Any CPU.Build.0 = Release|Any CPU
		{F23E61B3-66CA-4365-8E7A-7F4623C43A68}.Debug|Any CPU.ActiveCfg = Debug|Any CPU
		{F23E61B3-66CA-4365-8E7A-7F4623C43A68}.Debug|Any CPU.Build.0 = Debug|Any CPU
		{F23E61B3-66CA-4365-8E7A-7F4623C43A68}.Release|Any CPU.ActiveCfg = Release|Any CPU
		{F23E61B3-66CA-4365-8E7A-7F4623C43A68}.Release|Any CPU.Build.0 = Release|Any CPU
	EndGlobalSection
	GlobalSection(SolutionProperties) = preSolution
		HideSolutionNode = FALSE
	EndGlobalSection
	GlobalSection(ExtensibilityGlobals) = postSolution
		SolutionGuid = {11755629-B643-4444-960A-80E99637D7F9}
	EndGlobalSection
EndGlobal
