
Microsoft Visual Studio Solution File, Format Version 12.00
# Visual Studio Version 17
VisualStudioVersion = 17.14.36717.8
MinimumVisualStudioVersion = 10.0.40219.1
Project("{FAE04EC0-301F-11D3-BF4B-00C04F79EFBC}") = "Lab05_Bai01", "Lab05_Bai01\Lab05_Bai01.csproj", "{B4E4100A-2380-42DE-8240-2DEC67EAABAE}"
EndProject
Project("{FAE04EC0-301F-11D3-BF4B-00C04F79EFBC}") = "Lab05_Bai04", "Lab05_Bai04\Lab05_Bai04.csproj", "{8477AEC4-0D18-44AD-86F0-53B9E5852C9D}"
EndProject
Project("{2150E333-8FDC-42A3-9474-1A3956D46DE8}") = "Solution Items", "Solution Items", "{8EC462FD-D22E-90A8-E5CE-7E832BA40C5D}"
	ProjectSection(SolutionItems) = preProject
		.env = .env
	EndProjectSection
EndProject
Project("{FAE04EC0-301F-11D3-BF4B-00C04F79EFBC}") = "Lab05_Bai06", "Lab05_Bai06\Lab05_Bai06.csproj", "{28685AC7-12BF-459A-9143-36A1FF138441}"
EndProject
Project("{FAE04EC0-301F-11D3-BF4B-00C04F79EFBC}") = "Lab05_Bai02_03", "Lab05_Bai02_03\Lab05_Bai02_03.csproj", "{18AD8748-A5ED-44A9-933A-792BCC0ACC47}"
EndProject
Project("{FAE04EC0-301F-11D3-BF4B-00C04F79EFBC}") = "Lab05_Bai05", "Lab05_Bai05\Lab05_Bai05.csproj", "{F23E61B3-66CA-4365-8E7A-7F4623C43A68}"
EndProject
Global
	GlobalSection(SolutionConfigurationPlatforms) = preSolution
		Debug|Any CPU = Debug|Any CPU
		Debug|x86 = Debug|x86
		Release|Any CPU = Release|Any CPU
		Release|x86 = Release|x86
	EndGlobalSection
	GlobalSection(ProjectConfigurationPlatforms) = postSolution
		{B4E4100A-2380-42DE-8240-2DEC67EAABAE}.Debug|Any CPU.ActiveCfg = Debug|Any CPU
		{B4E4100A-2380-42DE-8240-2DEC67EAABAE}.Debug|Any CPU.Build.0 = Debug|Any CPU
		{B4E4100A-2380-42DE-8240-2DEC67EAABAE}.Debug|x86.ActiveCfg = Debug|Any CPU
		{B4E4100A-2380-42DE-8240-2DEC67EAABAE}.Debug|x86.Build.0 = Debug|Any CPU
		{B4E4100A-2380-42DE-8240-2DEC67EAABAE}.Release|Any CPU.ActiveCfg = Release|Any CPU
		{B4E4100A-2380-42DE-8240-2DEC67EAABAE}.Release|Any CPU.Build.0 = Release|Any CPU
		{B4E4100A-2380-42DE-8240-2DEC67EAABAE}.Release|x86.ActiveCfg = Release|Any CPU
		{B4E4100A-2380-42DE-8240-2DEC67EAABAE}.Release|x86.Build.0 = Release|Any CPU
		{8477AEC4-0D18-44AD-86F0-53B9E5852C9D}.Debug|Any CPU.ActiveCfg = Debug|Any CPU
		{8477AEC4-0D18-44AD-86F0-53B9E5852C9D}.Debug|Any CPU.Build.0 = Debug|Any CPU
		{8477AEC4-0D18-44AD-86F0-53B9E5852C9D}.Debug|x86.ActiveCfg = Debug|Any CPU
		{8477AEC4-0D18-44AD-86F0-53B9E5852C9D}.Debug|x86.Build.0 = Debug|Any CPU
		{8477AEC4-0D18-44AD-86F0-53B9E5852C9D}.Release|Any CPU.ActiveCfg = Release|Any CPU
		{8477AEC4-0D18-44AD-86F0-53B9E5852C9D}.Release|Any CPU.Build.0 = Release|Any CPU
		{8477AEC4-0D18-44AD-86F0-53B9E5852C9D}.Release|x86.ActiveCfg = Release|Any CPU
		{8477AEC4-0D18-44AD-86F0-53B9E5852C9D}.Release|x86.Build.0 = Release|Any CPU
		{28685AC7-12BF-459A-9143-36A1FF138441}.Debug|Any CPU.ActiveCfg = Debug|Any CPU
		{28685AC7-12BF-459A-9143-36A1FF138441}.Debug|Any CPU.Build.0 = Debug|Any CPU
		{28685AC7-12BF-459A-9143-36A1FF138441}.Debug|x86.ActiveCfg = Debug|Any CPU
		{28685AC7-12BF-459A-9143-36A1FF138441}.Debug|x86.Build.0 = Debug|Any CPU
		{28685AC7-12BF-459A-9143-36A1FF138441}.Release|Any CPU.ActiveCfg = Release|Any CPU
		{28685AC7-12BF-459A-9143-36A1FF138441}.Release|Any CPU.Build.0 = Release|Any CPU
		{28685AC7-12BF-459A-9143-36A1FF138441}.Release|x86.ActiveCfg = Release|Any CPU
		{28685AC7-12BF-459A-9143-36A1FF138441}.Release|x86.Build.0 = Release|Any CPU
		{18AD8748-A5ED-44A9-933A-792BCC0ACC47}.Debug|Any CPU.ActiveCfg = Debug|Any CPU
		{18AD8748-A5ED-44A9-933A-792BCC0ACC47}.Debug|Any CPU.Build.0 = Debug|Any CPU
		{18AD8748-A5ED-44A9-933A-792BCC0ACC47}.Debug|x86.ActiveCfg = Debug|Any CPU
		{18AD8748-A5ED-44A9-933A-792BCC0ACC47}.Debug|x86.Build.0 = Debug|Any CPU
		{18AD8748-A5ED-44A9-933A-792BCC0ACC47}.Release|Any CPU.ActiveCfg = Release|Any CPU
		{18AD8748-A5ED-44A9-933A-792BCC0ACC47}.Release|Any CPU.Build.0 = Release|Any CPU
		{18AD8748-A5ED-44A9-933A-792BCC0ACC47}.Release|x86.ActiveCfg = Release|Any CPU
		{18AD8748-A5ED-44A9-933A-792BCC0ACC47}.Release|x86.Build.0 = Release|Any CPU
		{F23E61B3-66CA-4365-8E7A-7F4623C43A68}.Debug|Any CPU.ActiveCfg = Debug|x86
		{F23E61B3-66CA-4365-8E7A-7F4623C43A68}.Debug|Any CPU.Build.0 = Debug|x86
		{F23E61B3-66CA-4365-8E7A-7F4623C43A68}.Debug|x86.ActiveCfg = Debug|x86
		{F23E61B3-66CA-4365-8E7A-7F4623C43A68}.Debug|x86.Build.0 = Debug|x86
		{F23E61B3-66CA-4365-8E7A-7F4623C43A68}.Release|Any CPU.ActiveCfg = Release|Any CPU
		{F23E61B3-66CA-4365-8E7A-7F4623C43A68}.Release|Any CPU.Build.0 = Release|Any CPU
		{F23E61B3-66CA-4365-8E7A-7F4623C43A68}.Release|x86.ActiveCfg = Release|x86
		{F23E61B3-66CA-4365-8E7A-7F4623C43A68}.Release|x86.Build.0 = Release|x86
	EndGlobalSection
	GlobalSection(SolutionProperties) = preSolution
		HideSolutionNode = FALSE
	EndGlobalSection
	GlobalSection(ExtensibilityGlobals) = postSolution
		SolutionGuid = {30FC1D0B-87D1-4CDF-992F-9539A37DF51E}
	EndGlobalSection
EndGlobal
