Microsoft Visual Studio Solution File, Format Version 12.00
# Visual Studio Version 17
VisualStudioVersion = 17.14.36518.9
MinimumVisualStudioVersion = 10.0.40219.1
Project("{FAE04EC0-301F-11D3-BF4B-00C04F79EFBC}") = "Lab03_Bai02", "Lab03_Bai02\Lab03_Bai02.csproj", "{AA349E40-736F-4EE6-B7D4-A14C61F06825}"
EndProject
Project("{FAE04EC0-301F-11D3-BF4B-00C04F79EFBC}") = "Lab03_Bai06", "Lab03_Bai06\Lab03_Bai06.csproj", "{CDE114A3-429E-420E-97EA-A76938BBFC09}"
EndProject
Project("{FAE04EC0-301F-11D3-BF4B-00C04F79EFBC}") = "Lab03_Bai04", "Lab03_Bai04\Lab03_Bai04.csproj", "{CDC657FF-7174-491D-A5EA-C6E403F0ED23}"
EndProject
Project("{FAE04EC0-301F-11D3-BF4B-00C04F79EFBC}") = "Lab03_Bai03", "Lab03_Bai03\Lab03_Bai03.csproj", "{DF879B70-9483-4C71-8B7D-CE94C68E735B}"
EndProject
Project("{FAE04EC0-301F-11D3-BF4B-00C04F79EFBC}") = "Lab03_Bai05", "Lab03_Bai05\Lab03_Bai05.csproj", "{06421FBA-1F47-46DF-B087-F0E22E3A0836}"
EndProject
Project("{FAE04EC0-301F-11D3-BF4B-00C04F79EFBC}") = "Lab03_Bai01", "Lab03_Bai01\Lab03_Bai01\Lab03_Bai01.csproj", "{294F288F-0ED9-476D-9F9D-18B986FD1019}"
EndProject
Global
	GlobalSection(SolutionConfigurationPlatforms) = preSolution
		Debug|Any CPU = Debug|Any CPU
		Debug|x86 = Debug|x86
		Release|Any CPU = Release|Any CPU
		Release|x86 = Release|x86
	EndGlobalSection
	GlobalSection(ProjectConfigurationPlatforms) = postSolution
		{AA349E40-736F-4EE6-B7D4-A14C61F06825}.Debug|Any CPU.ActiveCfg = Debug|Any CPU
		{AA349E40-736F-4EE6-B7D4-A14C61F06825}.Debug|Any CPU.Build.0 = Debug|Any CPU
		{AA349E40-736F-4EE6-B7D4-A14C61F06825}.Debug|x86.ActiveCfg = Debug|Any CPU
		{AA349E40-736F-4EE6-B7D4-A14C61F06825}.Debug|x86.Build.0 = Debug|Any CPU
		{AA349E40-736F-4EE6-B7D4-A14C61F06825}.Release|Any CPU.ActiveCfg = Release|Any CPU
		{AA349E40-736F-4EE6-B7D4-A14C61F06825}.Release|Any CPU.Build.0 = Release|Any CPU
		{AA349E40-736F-4EE6-B7D4-A14C61F06825}.Release|x86.ActiveCfg = Release|Any CPU
		{AA349E40-736F-4EE6-B7D4-A14C61F06825}.Release|x86.Build.0 = Release|Any CPU
		{CDE114A3-429E-420E-97EA-A76938BBFC09}.Debug|Any CPU.ActiveCfg = Debug|Any CPU
		{CDE114A3-429E-420E-97EA-A76938BBFC09}.Debug|Any CPU.Build.0 = Debug|Any CPU
		{CDE114A3-429E-420E-97EA-A76938BBFC09}.Debug|x86.ActiveCfg = Debug|Any CPU
		{CDE114A3-429E-420E-97EA-A76938BBFC09}.Debug|x86.Build.0 = Debug|Any CPU
		{CDE114A3-429E-420E-97EA-A76938BBFC09}.Release|Any CPU.ActiveCfg = Release|Any CPU
		{CDE114A3-429E-420E-97EA-A76938BBFC09}.Release|Any CPU.Build.0 = Release|Any CPU
		{CDE114A3-429E-420E-97EA-A76938BBFC09}.Release|x86.ActiveCfg = Release|Any CPU
		{CDE114A3-429E-420E-97EA-A76938BBFC09}.Release|x86.Build.0 = Release|Any CPU
		{CDC657FF-7174-491D-A5EA-C6E403F0ED23}.Debug|Any CPU.ActiveCfg = Debug|Any CPU
		{CDC657FF-7174-491D-A5EA-C6E403F0ED23}.Debug|Any CPU.Build.0 = Debug|Any CPU
		{CDC657FF-7174-491D-A5EA-C6E403F0ED23}.Debug|x86.ActiveCfg = Debug|Any CPU
		{CDC657FF-7174-491D-A5EA-C6E403F0ED23}.Debug|x86.Build.0 = Debug|Any CPU
		{CDC657FF-7174-491D-A5EA-C6E403F0ED23}.Release|Any CPU.ActiveCfg = Release|Any CPU
		{CDC657FF-7174-491D-A5EA-C6E403F0ED23}.Release|Any CPU.Build.0 = Release|Any CPU
		{CDC657FF-7174-491D-A5EA-C6E403F0ED23}.Release|x86.ActiveCfg = Release|Any CPU
		{CDC657FF-7174-491D-A5EA-C6E403F0ED23}.Release|x86.Build.0 = Release|Any CPU
		{DF879B70-9483-4C71-8B7D-CE94C68E735B}.Debug|Any CPU.ActiveCfg = Debug|Any CPU
		{DF879B70-9483-4C71-8B7D-CE94C68E735B}.Debug|Any CPU.Build.0 = Debug|Any CPU
		{DF879B70-9483-4C71-8B7D-CE94C68E735B}.Debug|x86.ActiveCfg = Debug|Any CPU
		{DF879B70-9483-4C71-8B7D-CE94C68E735B}.Debug|x86.Build.0 = Debug|Any CPU
		{DF879B70-9483-4C71-8B7D-CE94C68E735B}.Release|Any CPU.ActiveCfg = Release|Any CPU
		{DF879B70-9483-4C71-8B7D-CE94C68E735B}.Release|Any CPU.Build.0 = Release|Any CPU
		{DF879B70-9483-4C71-8B7D-CE94C68E735B}.Release|x86.ActiveCfg = Release|Any CPU
		{DF879B70-9483-4C71-8B7D-CE94C68E735B}.Release|x86.Build.0 = Release|Any CPU
		{06421FBA-1F47-46DF-B087-F0E22E3A0836}.Debug|Any CPU.ActiveCfg = Debug|Any CPU
		{06421FBA-1F47-46DF-B087-F0E22E3A0836}.Debug|Any CPU.Build.0 = Debug|Any CPU
		{06421FBA-1F47-46DF-B087-F0E22E3A0836}.Debug|x86.ActiveCfg = Debug|x86
		{06421FBA-1F47-46DF-B087-F0E22E3A0836}.Debug|x86.Build.0 = Debug|x86
		{06421FBA-1F47-46DF-B087-F0E22E3A0836}.Release|Any CPU.ActiveCfg = Release|Any CPU
		{06421FBA-1F47-46DF-B087-F0E22E3A0836}.Release|Any CPU.Build.0 = Release|Any CPU
		{06421FBA-1F47-46DF-B087-F0E22E3A0836}.Release|x86.ActiveCfg = Release|x86
		{06421FBA-1F47-46DF-B087-F0E22E3A0836}.Release|x86.Build.0 = Release|x86
		{294F288F-0ED9-476D-9F9D-18B986FD1019}.Debug|Any CPU.ActiveCfg = Debug|Any CPU
		{294F288F-0ED9-476D-9F9D-18B986FD1019}.Debug|Any CPU.Build.0 = Debug|Any CPU
		{294F288F-0ED9-476D-9F9D-18B986FD1019}.Debug|x86.ActiveCfg = Debug|Any CPU
		{294F288F-0ED9-476D-9F9D-18B986FD1019}.Debug|x86.Build.0 = Debug|Any CPU
		{294F288F-0ED9-476D-9F9D-18B986FD1019}.Release|Any CPU.ActiveCfg = Release|Any CPU
		{294F288F-0ED9-476D-9F9D-18B986FD1019}.Release|Any CPU.Build.0 = Release|Any CPU
		{294F288F-0ED9-476D-9F9D-18B986FD1019}.Release|x86.ActiveCfg = Release|Any CPU
		{294F288F-0ED9-476D-9F9D-18B986FD1019}.Release|x86.Build.0 = Release|Any CPU
	EndGlobalSection
	GlobalSection(SolutionProperties) = preSolution
		HideSolutionNode = FALSE
	EndGlobalSection
	GlobalSection(ExtensibilityGlobals) = postSolution
		SolutionGuid = {579A7F77-A1F7-4B28-8E0F-58B16C8D334D}
	EndGlobalSection
EndGlobal
