
Microsoft Visual Studio Solution File, Format Version 12.00
# Visual Studio Version 17
VisualStudioVersion = 17.14.36518.9
MinimumVisualStudioVersion = 10.0.40219.1
Project("{FAE04EC0-301F-11D3-BF4B-00C04F79EFBC}") = "Lab03_Bai02", "Lab03_Bai02\Lab03_Bai02.csproj", "{AA349E40-736F-4EE6-B7D4-A14C61F06825}"
EndProject
Project("{FAE04EC0-301F-11D3-BF4B-00C04F79EFBC}") = "Lab03_Bai06", "Lab03_Bai06\Lab03_Bai06.csproj", "{CDE114A3-429E-420E-97EA-A76938BBFC09}"
EndProject
Project("{FAE04EC0-301F-11D3-BF4B-00C04F79EFBC}") = "Lab03_Bai04", "Lab03_Bai04\Lab03_Bai04.csproj", "{046D4F26-8BCD-4110-8874-2F2C49C2E5D5}"
EndProject
Project("{FAE04EC0-301F-11D3-BF4B-00C04F79EFBC}") = "Lab03_Bai03", "Lab03_Bai03\Lab03_Bai03.csproj", "{DF879B70-9483-4C71-8B7D-CE94C68E735B}"
EndProject
Global
	GlobalSection(SolutionConfigurationPlatforms) = preSolution
		Debug|Any CPU = Debug|Any CPU
		Release|Any CPU = Release|Any CPU
	EndGlobalSection
	GlobalSection(ProjectConfigurationPlatforms) = postSolution
		{AA349E40-736F-4EE6-B7D4-A14C61F06825}.Debug|Any CPU.ActiveCfg = Debug|Any CPU
		{AA349E40-736F-4EE6-B7D4-A14C61F06825}.Debug|Any CPU.Build.0 = Debug|Any CPU
		{AA349E40-736F-4EE6-B7D4-A14C61F06825}.Release|Any CPU.ActiveCfg = Release|Any CPU
		{AA349E40-736F-4EE6-B7D4-A14C61F06825}.Release|Any CPU.Build.0 = Release|Any CPU
		{CDE114A3-429E-420E-97EA-A76938BBFC09}.Debug|Any CPU.ActiveCfg = Debug|Any CPU
		{CDE114A3-429E-420E-97EA-A76938BBFC09}.Debug|Any CPU.Build.0 = Debug|Any CPU
		{CDE114A3-429E-420E-97EA-A76938BBFC09}.Release|Any CPU.ActiveCfg = Release|Any CPU
		{CDE114A3-429E-420E-97EA-A76938BBFC09}.Release|Any CPU.Build.0 = Release|Any CPU
		{046D4F26-8BCD-4110-8874-2F2C49C2E5D5}.Debug|Any CPU.ActiveCfg = Debug|Any CPU
		{046D4F26-8BCD-4110-8874-2F2C49C2E5D5}.Debug|Any CPU.Build.0 = Debug|Any CPU
		{046D4F26-8BCD-4110-8874-2F2C49C2E5D5}.Release|Any CPU.ActiveCfg = Release|Any CPU
		{046D4F26-8BCD-4110-8874-2F2C49C2E5D5}.Release|Any CPU.Build.0 = Release|Any CPU
		{DF879B70-9483-4C71-8B7D-CE94C68E735B}.Debug|Any CPU.ActiveCfg = Debug|Any CPU
		{DF879B70-9483-4C71-8B7D-CE94C68E735B}.Debug|Any CPU.Build.0 = Debug|Any CPU
		{DF879B70-9483-4C71-8B7D-CE94C68E735B}.Release|Any CPU.ActiveCfg = Release|Any CPU
		{DF879B70-9483-4C71-8B7D-CE94C68E735B}.Release|Any CPU.Build.0 = Release|Any CPU
	EndGlobalSection
	GlobalSection(SolutionProperties) = preSolution
		HideSolutionNode = FALSE
	EndGlobalSection
	GlobalSection(ExtensibilityGlobals) = postSolution
		SolutionGuid = {579A7F77-A1F7-4B28-8E0F-58B16C8D334D}
	EndGlobalSection
EndGlobal
